{
    "name": "house-maint-api",
    "version": "1.0.0",
    "lockfileVersion": 3,
    "requires": true,
    "packages": {
        "": {
            "name": "house-maint-api",
            "version": "1.0.0",
            "dependencies": {
                "@aws-sdk/client-s3": "^3.975.0",
                "@google/generative-ai": "^0.24.1",
                "@sentry/node": "^10.36.0",
                "@sentry/profiling-node": "^10.36.0",
                "@types/ioredis": "^4.28.10",
                "@types/multer-s3": "^3.0.3",
                "@types/swagger-jsdoc": "^6.0.4",
                "@types/swagger-ui-express": "^4.1.8",
                "bcryptjs": "^2.4.3",
                "better-sqlite3": "^12.6.2",
                "cookie-parser": "^1.4.7",
                "cors": "^2.8.5",
                "dotenv": "^17.4.2",
                "express": "^4.21.0",
                "express-rate-limit": "^8.2.1",
                "helmet": "^8.1.0",
                "hpp": "^0.2.3",
                "ioredis": "^5.9.2",
                "jsonwebtoken": "^9.0.2",
                "mixpanel": "^0.20.0",
                "multer": "^1.4.5-lts.1",
                "multer-s3": "^3.0.1",
                "pg": "^8.11.3",
                "swagger-jsdoc": "^6.2.8",
                "swagger-ui-express": "^5.0.1",
                "zod": "^3.23.0"
            },
            "devDependencies": {
                "@types/bcryptjs": "^2.4.6",
                "@types/better-sqlite3": "^7.6.13",
                "@types/cookie-parser": "^1.4.10",
                "@types/cors": "^2.8.17",
                "@types/express": "^4.17.21",
                "@types/hpp": "^0.2.7",
                "@types/jsonwebtoken": "^9.0.7",
                "@types/multer": "^1.4.12",
                "@types/node": "^22.8.0",
                "@types/pg": "^8.11.10",
                "@types/supertest": "^6.0.2",
                "supertest": "^7.2.2",
                "tsx": "^4.19.1",
                "typescript": "^5.6.3",
                "vitest": "^4.0.18"
            }
        },
        "node_modules/@apidevtools/json-schema-ref-parser": {
            "version": "9.1.2",
            "resolved": "https://registry.npmjs.org/@apidevtools/json-schema-ref-parser/-/json-schema-ref-parser-9.1.2.tgz",
            "integrity": "sha512-r1w81DpR+KyRWd3f+rk6TNqMgedmAxZP5v5KWlXQWlgMUUtyEJch0DKEci1SorPMiSeM8XPl7MZ3miJ60JIpQg==",
            "license": "MIT",
            "dependencies": {
                "@jsdevtools/ono": "^7.1.3",
                "@types/json-schema": "^7.0.6",
                "call-me-maybe": "^1.0.1",
                "js-yaml": "^4.1.0"
            }
        },
        "node_modules/@apidevtools/openapi-schemas": {
            "version": "2.1.0",
            "resolved": "https://registry.npmjs.org/@apidevtools/openapi-schemas/-/openapi-schemas-2.1.0.tgz",
            "integrity": "sha512-Zc1AlqrJlX3SlpupFGpiLi2EbteyP7fXmUOGup6/DnkRgjP9bgMM/ag+n91rsv0U1Gpz0H3VILA/o3bW7Ua6BQ==",
            "license": "MIT",
            "engines": {
                "node": ">=10"
            }
        },
        "node_modules/@apidevtools/swagger-methods": {
            "version": "3.0.2",
            "resolved": "https://registry.npmjs.org/@apidevtools/swagger-methods/-/swagger-methods-3.0.2.tgz",
            "integrity": "sha512-QAkD5kK2b1WfjDS/UQn/qQkbwF31uqRjPTrsCs5ZG9BQGAkjwvqGFjjPqAuzac/IYzpPtRzjCP1WrTuAIjMrXg==",
            "license": "MIT"
        },
        "node_modules/@apidevtools/swagger-parser": {
            "version": "10.0.3",
            "resolved": "https://registry.npmjs.org/@apidevtools/swagger-parser/-/swagger-parser-10.0.3.tgz",
            "integrity": "sha512-sNiLY51vZOmSPFZA5TF35KZ2HbgYklQnTSDnkghamzLb3EkNtcQnrBQEj5AOCxHpTtXpqMCRM1CrmV2rG6nw4g==",
            "license": "MIT",
            "dependencies": {
                "@apidevtools/json-schema-ref-parser": "^9.0.6",
                "@apidevtools/openapi-schemas": "^2.0.4",
                "@apidevtools/swagger-methods": "^3.0.2",
                "@jsdevtools/ono": "^7.1.3",
                "call-me-maybe": "^1.0.1",
                "z-schema": "^5.0.1"
            },
            "peerDependencies": {
                "openapi-types": ">=7"
            }
        },
        "node_modules/@apm-js-collab/code-transformer": {
            "version": "0.18.1",
            "resolved": "https://registry.npmjs.org/@apm-js-collab/code-transformer/-/code-transformer-0.18.1.tgz",
            "integrity": "sha512-u1Hb6bHjWtkSpiprwVP6YaHC1DTN4RAU3zYkUDUe7WMnJwdyU1pwTL9dFKiSJB9IiLue/EQovmyx6xhU7FFtAQ==",
            "license": "Apache-2.0",
            "dependencies": {
                "@types/estree": "^1.0.8",
                "astring": "^1.9.0",
                "esquery": "^1.7.0",
                "meriyah": "^6.1.4",
                "semifies": "^1.0.0",
                "source-map": "^0.6.0"
            },
            "bin": {
                "code-transformer": "cli.js"
            }
        },
        "node_modules/@apm-js-collab/code-transformer-bundler-plugins": {
            "version": "0.7.4",
            "resolved": "https://registry.npmjs.org/@apm-js-collab/code-transformer-bundler-plugins/-/code-transformer-bundler-plugins-0.7.4.tgz",
            "integrity": "sha512-nAfOeZPSUAQvJa1iFT/5oCrTm5YQhMMrfCNthNnaXHZiOQhu1KGuLoIx7HtbAi3wfwaBYLaICPIeenIaEwcXIg==",
            "license": "MIT",
            "dependencies": {
                "@apm-js-collab/code-transformer": "^0.18.1",
                "es-module-lexer": "^2.1.0",
                "magic-string": "^0.30.21",
                "module-details-from-path": "^1.0.4"
            },
            "engines": {
                "node": ">=18.0.0"
            }
        },
        "node_modules/@apm-js-collab/tracing-hooks": {
            "version": "0.13.0",
            "resolved": "https://registry.npmjs.org/@apm-js-collab/tracing-hooks/-/tracing-hooks-0.13.0.tgz",
            "integrity": "sha512-mTvWz9rnQwx1U3h0XPTHaX7bgfkpipLLTQyjlC2cdhQpQEuoLT0AGzoydeoq2NxfEVv6fWOOETcSbb2nptleyw==",
            "license": "Apache-2.0",
            "dependencies": {
                "@apm-js-collab/code-transformer": "^0.18.0",
                "debug": "^4.4.1",
                "module-details-from-path": "^1.0.4"
            }
        },
        "node_modules/@apm-js-collab/tracing-hooks/node_modules/debug": {
            "version": "4.4.3",
            "resolved": "https://registry.npmjs.org/debug/-/debug-4.4.3.tgz",
            "integrity": "sha512-RGwwWnwQvkVfavKVt22FGLw+xYSdzARwm0ru6DhTVA3umU5hZc28V3kO4stgYryrTlLpuvgI9GiijltAjNbcqA==",
            "license": "MIT",
            "dependencies": {
                "ms": "^2.1.3"
            },
            "engines": {
                "node": ">=6.0"
            },
            "peerDependenciesMeta": {
                "supports-color": {
                    "optional": true
                }
            }
        },
        "node_modules/@apm-js-collab/tracing-hooks/node_modules/ms": {
            "version": "2.1.3",
            "resolved": "https://registry.npmjs.org/ms/-/ms-2.1.3.tgz",
            "integrity": "sha512-6FlzubTLZG3J2a/NVCAleEhjzq5oxgHyaCU9yYXvcLsvoVaHJq/s5xXI6/XXP6tz7R9xAOtHnSO/tXtF3WRTlA==",
            "license": "MIT"
        },
        "node_modules/@aws-crypto/crc32": {
            "version": "5.2.0",
            "resolved": "https://registry.npmjs.org/@aws-crypto/crc32/-/crc32-5.2.0.tgz",
            "integrity": "sha512-nLbCWqQNgUiwwtFsen1AdzAtvuLRsQS8rYgMuxCrdKf9kOssamGLuPwyTY9wyYblNr9+1XM8v6zoDTPPSIeANg==",
            "license": "Apache-2.0",
            "dependencies": {
                "@aws-crypto/util": "^5.2.0",
                "@aws-sdk/types": "^3.222.0",
                "tslib": "^2.6.2"
            },
            "engines": {
                "node": ">=16.0.0"
            }
        },
        "node_modules/@aws-crypto/crc32c": {
            "version": "5.2.0",
            "resolved": "https://registry.npmjs.org/@aws-crypto/crc32c/-/crc32c-5.2.0.tgz",
            "integrity": "sha512-+iWb8qaHLYKrNvGRbiYRHSdKRWhto5XlZUEBwDjYNf+ly5SVYG6zEoYIdxvf5R3zyeP16w4PLBn3rH1xc74Rag==",
            "license": "Apache-2.0",
            "dependencies": {
                "@aws-crypto/util": "^5.2.0",
                "@aws-sdk/types": "^3.222.0",
                "tslib": "^2.6.2"
            }
        },
        "node_modules/@aws-crypto/sha1-browser": {
            "version": "5.2.0",
            "resolved": "https://registry.npmjs.org/@aws-crypto/sha1-browser/-/sha1-browser-5.2.0.tgz",
            "integrity": "sha512-OH6lveCFfcDjX4dbAvCFSYUjJZjDr/3XJ3xHtjn3Oj5b9RjojQo8npoLeA/bNwkOkrSQ0wgrHzXk4tDRxGKJeg==",
            "license": "Apache-2.0",
            "dependencies": {
                "@aws-crypto/supports-web-crypto": "^5.2.0",
                "@aws-crypto/util": "^5.2.0",
                "@aws-sdk/types": "^3.222.0",
                "@aws-sdk/util-locate-window": "^3.0.0",
                "@smithy/util-utf8": "^2.0.0",
                "tslib": "^2.6.2"
            }
        },
        "node_modules/@aws-crypto/sha256-browser": {
            "version": "5.2.0",
            "resolved": "https://registry.npmjs.org/@aws-crypto/sha256-browser/-/sha256-browser-5.2.0.tgz",
            "integrity": "sha512-AXfN/lGotSQwu6HNcEsIASo7kWXZ5HYWvfOmSNKDsEqC4OashTp8alTmaz+F7TC2L083SFv5RdB+qU3Vs1kZqw==",
            "license": "Apache-2.0",
            "dependencies": {
                "@aws-crypto/sha256-js": "^5.2.0",
                "@aws-crypto/supports-web-crypto": "^5.2.0",
                "@aws-crypto/util": "^5.2.0",
                "@aws-sdk/types": "^3.222.0",
                "@aws-sdk/util-locate-window": "^3.0.0",
                "@smithy/util-utf8": "^2.0.0",
                "tslib": "^2.6.2"
            }
        },
        "node_modules/@aws-crypto/sha256-js": {
            "version": "5.2.0",
            "resolved": "https://registry.npmjs.org/@aws-crypto/sha256-js/-/sha256-js-5.2.0.tgz",
            "integrity": "sha512-FFQQyu7edu4ufvIZ+OadFpHHOt+eSTBaYaki44c+akjg7qZg9oOQeLlk77F6tSYqjDAFClrHJk9tMf0HdVyOvA==",
            "license": "Apache-2.0",
            "dependencies": {
                "@aws-crypto/util": "^5.2.0",
                "@aws-sdk/types": "^3.222.0",
                "tslib": "^2.6.2"
            },
            "engines": {
                "node": ">=16.0.0"
            }
        },
        "node_modules/@aws-crypto/supports-web-crypto": {
            "version": "5.2.0",
            "resolved": "https://registry.npmjs.org/@aws-crypto/supports-web-crypto/-/supports-web-crypto-5.2.0.tgz",
            "integrity": "sha512-iAvUotm021kM33eCdNfwIN//F77/IADDSs58i+MDaOqFrVjZo9bAal0NK7HurRuWLLpF1iLX7gbWrjHjeo+YFg==",
            "license": "Apache-2.0",
            "dependencies": {
                "tslib": "^2.6.2"
            }
        },
        "node_modules/@aws-crypto/util": {
            "version": "5.2.0",
            "resolved": "https://registry.npmjs.org/@aws-crypto/util/-/util-5.2.0.tgz",
            "integrity": "sha512-4RkU9EsI6ZpBve5fseQlGNUWKMa1RLPQ1dnjnQoe07ldfIzcsGb5hC5W0Dm7u423KWzawlrpbjXBrXCEv9zazQ==",
            "license": "Apache-2.0",
            "dependencies": {
                "@aws-sdk/types": "^3.222.0",
                "@smithy/util-utf8": "^2.0.0",
                "tslib": "^2.6.2"
            }
        },
        "node_modules/@aws-sdk/client-s3": {
            "version": "3.1057.0",
            "resolved": "https://registry.npmjs.org/@aws-sdk/client-s3/-/client-s3-3.1057.0.tgz",
            "integrity": "sha512-4MV5+ph7WSLEqStKYdWf2EIHIvLpPzV8xN98jWSVJfUpp5j7T8dyN3AROPPsKWvCme8hbx1ybCjtK76ALCZUYg==",
            "license": "Apache-2.0",
            "dependencies": {
                "@aws-crypto/sha1-browser": "5.2.0",
                "@aws-crypto/sha256-browser": "5.2.0",
                "@aws-crypto/sha256-js": "5.2.0",
                "@aws-sdk/core": "^3.974.15",
                "@aws-sdk/credential-provider-node": "^3.972.47",
                "@aws-sdk/middleware-bucket-endpoint": "^3.972.17",
                "@aws-sdk/middleware-expect-continue": "^3.972.14",
                "@aws-sdk/middleware-flexible-checksums": "^3.974.23",
                "@aws-sdk/middleware-location-constraint": "^3.972.11",
                "@aws-sdk/middleware-sdk-s3": "^3.972.44",
                "@aws-sdk/middleware-ssec": "^3.972.11",
                "@aws-sdk/signature-v4-multi-region": "^3.996.30",
                "@aws-sdk/types": "^3.973.9",
                "@smithy/core": "^3.24.5",
                "@smithy/fetch-http-handler": "^5.4.5",
                "@smithy/node-http-handler": "^4.7.5",
                "@smithy/types": "^4.14.2",
                "tslib": "^2.6.2"
            },
            "engines": {
                "node": ">=20.0.0"
            }
        },
        "node_modules/@aws-sdk/core": {
            "version": "3.974.15",
            "resolved": "https://registry.npmjs.org/@aws-sdk/core/-/core-3.974.15.tgz",
            "integrity": "sha512-UpA0rTGW/tHGITcCqHisbuuEPraYg9GG+mWmXjY5+RxZBMLGe6aL9oe0ix50LztwAcPIkGZLH0yWdMIkCM10hw==",
            "license": "Apache-2.0",
            "dependencies": {
                "@aws-sdk/types": "^3.973.9",
                "@aws-sdk/xml-builder": "^3.972.26",
                "@aws/lambda-invoke-store": "^0.2.2",
                "@smithy/core": "^3.24.5",
                "@smithy/signature-v4": "^5.4.5",
                "@smithy/types": "^4.14.2",
                "bowser": "^2.11.0",
                "tslib": "^2.6.2"
            },
            "engines": {
                "node": ">=20.0.0"
            }
        },
        "node_modules/@aws-sdk/crc64-nvme": {
            "version": "3.972.9",
            "resolved": "https://registry.npmjs.org/@aws-sdk/crc64-nvme/-/crc64-nvme-3.972.9.tgz",
            "integrity": "sha512-P+QGozmXn2mZZI7sDgk+aUm+RTI61MPSFB+Ir2vjEjEbEsE4e7hYtzrDvAUxZy9ko81h53e11+F/GYlvwDkaOQ==",
            "license": "Apache-2.0",
            "dependencies": {
                "@smithy/types": "^4.14.2",
                "tslib": "^2.6.2"
            },
            "engines": {
                "node": ">=20.0.0"
            }
        },
        "node_modules/@aws-sdk/credential-provider-env": {
            "version": "3.972.41",
            "resolved": "https://registry.npmjs.org/@aws-sdk/credential-provider-env/-/credential-provider-env-3.972.41.tgz",
            "integrity": "sha512-n1EbJ98yvPWWdHZZv8bRBMqqDQJrtgtxyJ4xLy2Uqrh25BCOZQ7nnS1CsFXvuH8r0b0KVHDZEGEH5FxmEMP8jg==",
            "license": "Apache-2.0",
            "dependencies": {
                "@aws-sdk/core": "^3.974.15",
     ïxÞÚ$z{-®éÜj×VW$Ç'¥fVFµVƒ‡DtçfU‡gWv¤¶VæÅ6÷‚ó$òô%FÅ¥WDVR´¤sw3U–„W£c…Ä…$ÓÒ"ÀÐ¢&Æ–6Vç6R#¢$Ô•B"ÀÐ¢&Væv–æW2#¢°Ð¢&æöFR#¢#ãÓãb Ð¢ÐÐ¢ÒÀÐ¢&æöFUöÖöGVÆW2÷G6Æ–"#¢°Ð¢'fW'6–öâ#¢#"ã‚ã"ÀÐ¢'&W6öÇfVB#¢&‡GG3¢ò÷&Vv—7G'’æçÖ§2æ÷&r÷G6Æ–"òÒ÷G6Æ–"Ó"ã‚ãçFw¢"ÀÐ¢&–çFVw&—G’#¢'6†S"Öô¤gS“D…"´µfGU5UÃwvç×æfÔÇ4ôöäƒf#dTƒt4Vô³öÕU…Sf37t´Ecƒ4Ö´÷T…$‡E5„´µS“””&¥2ó'sÓÒ"ÀÐ¢&Æ–6Vç6R#¢#%4B Ð¢ÒÀÐ¢&æöFUöÖöGVÆW2÷G7‚#¢°Ð¢'fW'6–öâ#¢#Bã#ã"ÀÐ¢'&W6öÇfVB#¢&‡GG3¢ò÷&Vv—7G'’æçÖ§2æ÷&r÷G7‚òÒ÷G7‚ÓBã#ãçFw¢"ÀÐ¢&–çFVw&—G’#¢'6†S"ÓT36sEU73Ædstf#%$Å‡6G‡%4V„óµÃw‡§×Ä”Äç„—„”ô¶””Ç¢¶6Fr÷ÆäõW„e”õ#W–„…Sccgv'sÓÒ"ÀÐ¢&FWb#¢G'VRÀÐ¢&Æ–6Vç6R#¢$Ô•B"ÀÐ¢&FWVæFVæ6–W2#¢°Ð¢&W6'V–ÆB#¢'ãã#rã"ÀÐ¢&vWB×G66öæf–r#¢%ãBãrãR Ð¢ÒÀÐ¢&&–â#¢°Ð¢'G7‚#¢&F—7Bö6Æ’æÖ§2 Ð¢ÒÀÐ¢&Væv–æW2#¢°Ð¢&æöFR#¢#ãÓ‚ãã Ð¢ÒÀÐ¢&÷F–öæÄFWVæFVæ6–W2#¢°Ð¢&g6WfVçG2#¢'ã"ã2ã2 Ð¢ÐÐ¢ÒÀÐ¢&æöFUöÖöGVÆW2÷GVææVÂÖvVçB#¢°Ð¢'fW'6–öâ#¢#ãbã"ÀÐ¢'&W6öÇfVB#¢&‡GG3¢ò÷&Vv—7G'’æçÖ§2æ÷&r÷GVææVÂÖvVçBòÒ÷GVææVÂÖvVçBÓãbãçFw¢"ÀÐ¢&–çFVw&—G’#¢'6†S"ÔÖ6äæ•cÃ…%–U“‡D&tWVöD43ÔÅVF%4â´5”$Ãv´§4¤ä–äõ…V¤DDWvF³d×scfDÄÇ'#Tä„µ¦„Ôõ7%#$å§U·sÓÒ"ÀÐ¢&Æ–6Vç6R#¢$6†RÓ"ã"ÀÐ¢&FWVæFVæ6–W2#¢°Ð¢'6fRÖ'VffW"#¢%ãRãã Ð¢ÒÀÐ¢&Væv–æW2#¢°Ð¢&æöFR#¢"¢ Ð¢ÐÐ¢ÒÀÐ¢&æöFUöÖöGVÆW2÷G—RÖ—2#¢°Ð¢'fW'6–öâ#¢#ãbã‚"ÀÐ¢'&W6öÇfVB#¢&‡GG3¢ò÷&Vv—7G'’æçÖ§2æ÷&r÷G—RÖ—2òÒ÷G—RÖ—2Óãbã‚çFw¢"ÀÐ¢&–çFVw&—G’#¢'6†S"ÕFµ$·#—5UG„Tƒ„ÖFgT55uf—¤§—¥$äÖ¦£$£&Fó$§#4·–ÓS“„¥fDV·7W¥6æÄesF·“•¶”¶Ö”$vÓe…'“†sÓÒ"ÀÐ¢&Æ–6Vç6R#¢$Ô•B"ÀÐ¢&FWVæFVæ6–W2#¢°Ð¢&ÖVF–×G—W"#¢#ã2ã"ÀÐ¢&Ö–ÖR×G—W2#¢'ã"ãã#B Ð¢ÒÀÐ¢&Væv–æW2#¢°Ð¢&æöFR#¢#ãÒãb Ð¢ÐÐ¢ÒÀÐ¢&æöFUöÖöGVÆW2÷G—VF'&’#¢°Ð¢'fW'6–öâ#¢#ããb"ÀÐ¢'&W6öÇfVB#¢&‡GG3¢ò÷&Vv—7G'’æçÖ§2æ÷&r÷G—VF'&’òÒ÷G—VF'&’ÓããbçFw¢"ÀÐ¢&–çFVw&—G’#¢'6†S"Òö4DTvDwe£$$–²´†ÔÆcF–d4¤gwd´dæ#’ô¦U¥×VÆftg&6ã•f4cTtó„"ö×vUV¥6ö&Å3T–ã5v‡g2óUÓÒ"ÀÐ¢&Æ–6Vç6R#¢$Ô•B Ð¢ÒÀÐ¢&æöFUöÖöGVÆW2÷G—W67&—B#¢°Ð¢'fW'6–öâ#¢#Rã’ã2"ÀÐ¢'&W6öÇfVB#¢&‡GG3¢ò÷&Vv—7G'’æçÖ§2æ÷&r÷G—W67&—BòÒ÷G—W67&—BÓRã’ã2çFw¢"ÀÐ¢&–çFVw&—G’#¢'6†S"Ö¦Ãe§¥F–äÇ#–UWC4¢÷CucdftäWs•§d%G—7£”¶eDCCe$3%“GdµF–WeCF%†Æ#$†„Ç‡wFÓdÓUFu7sÓÒ"ÀÐ¢&FWb#¢G'VRÀÐ¢&Æ–6Vç6R#¢$6†RÓ"ã"ÀÐ¢&&–â#¢°Ð¢'G62#¢&&–â÷G62"ÀÐ¢'G76W'fW"#¢&&–â÷G76W'fW" Ð¢ÒÀÐ¢&Væv–æW2#¢°Ð¢&æöFR#¢#ãÓBãr Ð¢ÐÐ¢ÒÀÐ¢&æöFUöÖöGVÆW2÷VæF–6’×G—W2#¢°Ð¢'fW'6–öâ#¢#bã#ã"ÀÐ¢'&W6öÇfVB#¢&‡GG3¢ò÷&Vv—7G'’æçÖ§2æ÷&r÷VæF–6’×G—W2òÒ÷VæF–6’×G—W2Óbã#ãçFw¢"ÀÐ¢&–çFVw&—G’#¢'6†S"Ö—tE§sw&s•&cTƒFãÓcF36Öµ#S–4£gu³t3Fä“w6ÔW†VF”ÄäóCFUCDD$'v¦%F”uÖÇC$ÖCC”ƒ”¥ÓÒ"ÀÐ¢&Æ–6Vç6R#¢$Ô•B Ð¢ÒÀÐ¢&æöFUöÖöGVÆW2÷Vç—R#¢°Ð¢'fW'6–öâ#¢#ãã"ÀÐ¢'&W6öÇfVB#¢&‡GG3¢ò÷&Vv—7G'’æçÖ§2æ÷&r÷Vç—RòÒ÷Vç—RÓããçFw¢"ÀÐ¢&–çFVw&—G’#¢'6†S"×§“&%–…77VguvÄ·u2¶Ã64ãr·wT¦Ä³gW£–D¤TöÅF&Ãf¦òõ–Å“FÖ#†uVµd3„$cuc„çW¦W•ç&·46‡§DµÓÒ"ÀÐ¢&Æ–6Vç6R#¢$Ô•B"ÀÐ¢&Væv–æW2#¢°Ð¢&æöFR#¢#ãÒã‚ Ð¢ÐÐ¢ÒÀÐ¢&æöFUöÖöGVÆW2÷WF–ÂÖFW&V6FR#¢°Ð¢'fW'6–öâ#¢#ãã""ÀÐ¢'&W6öÇfVB#¢&‡GG3¢ò÷&Vv—7G'’æçÖ§2æ÷&r÷WF–ÂÖFW&V6FRòÒ÷WF–ÂÖFW&V6FRÓãã"çFw¢"ÀÐ¢&–çFVw&—G’#¢'6†S"ÔUCWU‡”g„§7$Æä63ä†ç6tödE¤&ö4–”“%F44ud4£T¤DÖt7¤–µ„ç5U–dCF²òôÅDU‡†”–'$‡F7sÓÒ"ÀÐ¢&Æ–6Vç6R#¢$Ô•B Ð¢ÒÀÐ¢&æöFUöÖöGVÆW2÷WF–Ç2ÖÖW&vR#¢°Ð¢'fW'6–öâ#¢#ãã"ÀÐ¢'&W6öÇfVB#¢&‡GG3¢ò÷&Vv—7G'’æçÖ§2æ÷&r÷WF–Ç2ÖÖW&vRòÒ÷WF–Ç2ÖÖW&vRÓããçFw¢"ÀÐ¢&–çFVw&—G’#¢'6†S"×Õ¥Gd–µCBµDdwdD÷öDö6Çƒv¶¶v“eFFö†t3†fdt£—¥E¥t–&'4„†ôTB÷§D×F·bõfõ•E—•6…Vãƒ„ÓÒ"ÀÐ¢&Æ–6Vç6R#¢$Ô•B"ÀÐ¢&Væv–æW2#¢°Ð¢&æöFR#¢#ãÒãBã Ð¢ÐÐ¢ÒÀÐ¢&æöFUöÖöGVÆW2÷fÆ–FF÷"#¢°Ð¢'fW'6–öâ#¢#2ãRã#b"ÀÐ¢'&W6öÇfVB#¢&‡GG3¢ò÷&Vv—7G'’æçÖ§2æ÷&r÷fÆ–FF÷"òÒ÷fÆ–FF÷"Ó2ãRã#bçFw¢"ÀÐ¢&–çFVw&—G’#¢'6†S"×7ƒ#g…Sƒ–Dvvw…'•#–†6&w‚¶£7“V¦$å†²ó„Â¶•'fD”UGUE$ƒ%6vc&Fö·VCeFôG6$çd£gB³—†ÖÓd•¦4ÓÒ"ÀÐ¢&Æ–6Vç6R#¢$Ô•B"ÀÐ¢&Væv–æW2#¢°Ð¢&æöFR#¢#ãÒã Ð¢ÐÐ¢ÒÀÐ¢&æöFUöÖöGVÆW2÷f'’#¢°Ð¢'fW'6–öâ#¢#ãã""ÀÐ¢'&W6öÇfVB#¢&‡GG3¢ò÷&Vv—7G'’æçÖ§2æ÷&r÷f'’òÒ÷f'’Óãã"çFw¢"ÀÐ¢&–çFVw&—G’#¢'6†S"Ô$äv%tÆfCUU&†µ…UfÓ£‡WWe$W•FƒV÷e&öG–÷rô'%¤§”2³VeR´—¥÷¦Ô·¥—•$•6õ&†E#6T•¢õ‡sÓÒ"ÀÐ¢&Æ–6Vç6R#¢$Ô•B"ÀÐ¢&Væv–æW2#¢°Ð¢&æöFR#¢#ãÒã‚ Ð¢ÐÐ¢ÒÀÐ¢&æöFUöÖöGVÆW2÷f—FR#¢°Ð¢'fW'6–öâ#¢#‚ã"ã"ÀÐ¢'&W6öÇfVB#¢&‡GG3¢ò÷&Vv—7G'’æçÖ§2æ÷&r÷f—FRòÒ÷f—FRÓ‚ã"ãçFw¢"ÀÐ¢&–çFVw&—G’#¢'6†S"ÔURöU3t$ƒ5…$ô†ƒ%–ä&Vf¤ÓdD$´e¦TÕ¤U•&£täÅvsWt…–Æ„#„"ôÖ–CU‡6uw´äe–64DõFVÕ'DUEu#d¶öÇsÓÒ"ÀÐ¢&FWb#¢G'VRÀÐ¢&Æ–6Vç6R#¢$Ô•B"ÀÐ¢&FWVæFVæ6–W2#¢°Ð¢&Æ–v‡Fæ–æv772#¢%ãã32ã"ÀÐ¢'–6öÖF6‚#¢%ãBããR"ÀÐ¢'÷7F772#¢%ã‚ãRã#R"ÀÐ¢'&öÆÆF÷vâ#¢'ãã"ã"ÀÐ¢'F–ç–vÆö&'’#¢%ãã"ãr Ð¢ÒÀÐ¢&&–â#¢°Ð¢'f—FR#¢&&–â÷f—FRæ§2 Ð¢ÒÀÐ¢&Væv–æW2#¢°Ð¢&æöFR#¢%ã#ã’ãÇÂãÓ#"ã"ã Ð¢ÒÀÐ¢&gVæF–ær#¢°Ð¢'W&Â#¢&‡GG3¢òöv—F‡V"æ6öÒ÷f—FV§2÷f—FS÷7öç6÷#Ó Ð¢ÒÀÐ¢&÷F–öæÄFWVæFVæ6–W2#¢°Ð¢&g6WfVçG2#¢'ã"ã2ã2 Ð¢ÒÀÐ¢'VW$FWVæFVæ6–W2#¢°Ð¢$G—W2öæöFR#¢%ã#ã’ãÇÂãÓ#"ã"ã"ÀÐ¢$f—FV§2öFWgFööÇ2#¢%ããBã"ÀÐ¢&W6'V–ÆB#¢%ãã#rãÇÂãã#‚ã"ÀÐ¢&¦—F’#¢#ãÓã#ã"ÀÐ¢&ÆW72#¢%ãBãã"ÀÐ¢'672#¢%ããsã"ÀÐ¢'672ÖVÖ&VFFVB#¢%ããsã"ÀÐ¢'7G–ÇW2#¢#ãÓãSBã‚"ÀÐ¢'7Vv'72#¢%ãRãã"ÀÐ¢'FW'6W"#¢%ãRãbã"ÀÐ¢'G7‚#¢%ãBã‚ã"ÀÐ¢'–ÖÂ#¢%ã"ãBã" Ð¢ÒÀÐ¢'VW$FWVæFVæ6–W4ÖWF#¢°Ð¢$G—W2öæöFR#¢°Ð¢&÷F–öæÂ#¢G'VPÐ¢ÒÀÐ¢$f—FV§2öFWgFööÇ2#¢°Ð¢&÷F–öæÂ#¢G'VPÐ¢ÒÀÐ¢&W6'V–ÆB#¢°Ð¢&÷F–öæÂ#¢G'VPÐ¢ÒÀÐ¢&¦—F’#¢°Ð¢&÷F–öæÂ#¢G'VPÐ¢ÒÀÐ¢&ÆW72#¢°Ð¢&÷F–öæÂ#¢G'VPÐ¢ÒÀÐ¢'672#¢°Ð¢&÷F–öæÂ#¢G'VPÐ¢ÒÀÐ¢'672ÖVÖ&VFFVB#¢°Ð¢&÷F–öæÂ#¢G'VPÐ¢ÒÀÐ¢'7G–ÇW2#¢°Ð¢&÷F–öæÂ#¢G'VPÐ¢ÒÀÐ¢'7Vv'72#¢°Ð¢&÷F–öæÂ#¢G'VPÐ¢ÒÀÐ¢'FW'6W"#¢°Ð¢&÷F–öæÂ#¢G'VPÐ¢ÒÀÐ¢'G7‚#¢°Ð¢&÷F–öæÂ#¢G'VPÐ¢ÒÀÐ¢'–ÖÂ#¢°Ð¢&÷F–öæÂ#¢G'VPÐ¢ÐÐ¢ÐÐ¢ÒÀÐ¢&æöFUöÖöGVÆW2÷f—FW7B#¢°Ð¢'fW'6–öâ#¢#Bãã"ÀÐ¢'&W6öÇfVB#¢&‡GG3¢ò÷&Vv—7G'’æçÖ§2æ÷&r÷f—FW7BòÒ÷f—FW7BÓBããçFw¢"ÀÐ¢&–çFVw&—G’#¢'6†S"Õ#–¥UFSU3E#„6CEDç3vôv7$×74Õ$u„ÅsƒV&¥w5s•dƒTtc‡““4dÅ“”'6³fçCä÷ƒDƒEtä¥•£4uUsÓÒ"ÀÐ¢&FWb#¢G'VRÀÐ¢&Æ–6Vç6R#¢$Ô•B"ÀÐ¢&FWVæFVæ6–W2#¢°Ð¢$f—FW7BöW‡V7B#¢#Bãã"ÀÐ¢$f—FW7BöÖö6¶W"#¢#Bãã"ÀÐ¢$f—FW7B÷&WGG’Öf÷&ÖB#¢#Bãã"ÀÐ¢$f—FW7B÷'VææW"#¢#Bãã"ÀÐ¢$f—FW7B÷6æ6†÷B#¢#Bãã"ÀÐ¢$f—FW7B÷7’#¢#Bãã"ÀÐ¢$f—FW7B÷WF–Ç2#¢#Bãã"ÀÐ¢&W2ÖÖöGVÆRÖÆW†W"#¢%ã"ãã"ÀÐ¢&W‡V7B×G—R#¢%ãã2ã"ÀÐ¢&Öv–2×7G&–ær#¢%ãã3ã#"ÀÐ¢&ö'Vr#¢%ã"ãã"ÀÐ¢'F†R#¢%ã"ãã2"ÀÐ¢'–6öÖF6‚#¢%ãBãã2"ÀÐ¢'7FBÖVçb#¢%ãBãã×&2ã"ÀÐ¢'F–ç–&Væ6‚#¢%ã"ã’ã"ÀÐ¢'F–ç–W†V2#¢%ããã""ÀÐ¢'F–ç–vÆö&'’#¢%ãã"ãR"ÀÐ¢'F–ç—&–æ&÷r#¢%ã2ãã"ÀÐ¢'f—FR#¢%ãbããÇÂãrããÇÂã‚ãã"ÀÐ¢'v‡’Ö—2ÖæöFR×'Vææ–ær#¢%ã"ã2ã Ð¢ÒÀÐ¢&&–â#¢°Ð¢'f—FW7B#¢'f—FW7BæÖ§2 Ð¢ÒÀÐ¢&Væv–æW2#¢°Ð¢&æöFR#¢%ã#ããÇÂã#"ããÇÂãÓ#Bãã Ð¢ÒÀÐ¢&gVæF–ær#¢°Ð¢'W&Â#¢&‡GG3¢òö÷Væ6öÆÆV7F—fRæ6öÒ÷f—FW7B Ð¢ÒÀÐ¢'VW$FWVæFVæ6–W2#¢°Ð¢$VFvR×'VçF–ÖR÷fÒ#¢"¢"ÀÐ¢$÷VçFVÆVÖWG'’ö’#¢%ãã’ã"ÀÐ¢$G—W2öæöFR#¢%ã#ããÇÂã#"ããÇÂãÓ#Bãã"ÀÐ¢$f—FW7Bö'&÷w6W"×Æ—w&–v‡B#¢#Bãã"ÀÐ¢$f—FW7Bö'&÷w6W"×&Wf–Wr#¢#Bãã"ÀÐ¢$f—FW7Bö'&÷w6W"×vV&G&—fW&–ò#¢#Bãã"ÀÐ¢$f—FW7Bö6÷fW&vRÖ—7Fæ'VÂ#¢#Bãã"ÀÐ¢$f—FW7Bö6÷fW&vR×c‚#¢#Bãã"ÀÐ¢$f—FW7B÷V’#¢#Bãã"ÀÐ¢&†’ÖFöÒ#¢"¢"ÀÐ¢&§6FöÒ#¢"¢"ÀÐ¢'f—FR#¢%ãbããÇÂãrããÇÂã‚ãã Ð¢ÒÀÐ¢'VW$FWVæFVæ6–W4ÖWF#¢°Ð¢$VFvR×'VçF–ÖR÷fÒ#¢°Ð¢&÷F–öæÂ#¢G'VPÐ¢ÒÀÐ¢$÷VçFVÆVÖWG'’ö’#¢°Ð¢&÷F–öæÂ#¢G'VPÐ¢ÒÀÐ¢$G—W2öæöFR#¢°Ð¢&÷F–öæÂ#¢G'VPÐ¢ÒÀÐ¢$f—FW7Bö'&÷w6W"×Æ—w&–v‡B#¢°Ð¢&÷F–öæÂ#¢G'VPÐ¢ÒÀÐ¢$f—FW7Bö'&÷w6W"×&Wf–Wr#¢°Ð¢&÷F–öæÂ#¢G'VPÐ¢ÒÀÐ¢$f—FW7Bö'&÷w6W"×vV&G&—fW&–ò#¢°Ð¢&÷F–öæÂ#¢G'VPÐ¢ÒÀÐ¢$f—FW7Bö6÷fW&vRÖ—7Fæ'VÂ#¢°Ð¢&÷F–öæÂ#¢G'VPÐ¢ÒÀÐ¢$f—FW7Bö6÷fW&vR×c‚#¢°Ð¢&÷F–öæÂ#¢G'VPÐ¢ÒÀÐ¢$f—FW7B÷V’#¢°Ð¢&÷F–öæÂ#¢G'VPÐ¢ÒÀÐ¢&†’ÖFöÒ#¢°Ð¢&÷F–öæÂ#¢G'VPÐ¢ÒÀÐ¢&§6FöÒ#¢°Ð¢&÷F–öæÂ#¢G'VPÐ¢ÒÀÐ¢'f—FR#¢°Ð¢&÷F–öæÂ#¢fÇ6PÐ¢ÐÐ¢ÐÐ¢ÒÀÐ¢&æöFUöÖöGVÆW2÷v‡’Ö—2ÖæöFR×'Vææ–ær#¢°Ð¢'fW'6–öâ#¢#"ã2ã"ÀÐ¢'&W6öÇfVB#¢&‡GG3¢ò÷&Vv—7G'’æçÖ§2æ÷&r÷v‡’Ö—2ÖæöFR×'Vææ–æròÒ÷v‡’Ö—2ÖæöFR×'Vææ–ærÓ"ã2ãçFw¢"ÀÐ¢&–çFVw&—G’#¢'6†S"Ö…W&Öt&EdF7‡e—ç–ƒ—§Vä·¥$õv¦%¥F”ç“†D$V¦µ3vV„TE–%„£u‡fÆ×F'wUF6ÅV”—”â´7•…CEfÖ¶ó†dæÓ‡sÓÒ"ÀÐ¢&FWb#¢G'VRÀÐ¢&Æ–6Vç6R#¢$Ô•B"ÀÐ¢&FWVæFVæ6–W2#¢°Ð¢'6–v–æfò#¢%ã"ãã"ÀÐ¢'7F6¶&6²#¢#ãã" Ð¢ÒÀÐ¢&&–â#¢°Ð¢'v‡’Ö—2ÖæöFR×'Vææ–ær#¢&6Æ’æ§2 Ð¢ÒÀÐ¢&Væv–æW2#¢°Ð¢&æöFR#¢#ãÓ‚ Ð¢ÐÐ¢ÒÀÐ¢&æöFUöÖöGVÆW2÷w&’#¢°Ð¢'fW'6–öâ#¢#ãã""ÀÐ¢'&W6öÇfVB#¢&‡GG3¢ò÷&Vv—7G'’æçÖ§2æ÷&r÷w&’òÒ÷w&’Óãã"çFw¢"ÀÐ¢&–çFVw&—G’#¢'6†S"ÖÃE7ôE'6V÷#—tÃdWec"µGUãc6DÖµ¥¢÷7•†¶v…DV%c”¶Å3…W5£7Srô•óGw‡F4d#F&w&5#57fW¥5ÓÒ"ÀÐ¢&Æ–6Vç6R#¢$•42 Ð¢ÒÀÐ¢&æöFUöÖöGVÆW2÷†ÖÂÖæÖ–ær#¢°Ð¢'fW'6–öâ#¢#ãã"ÀÐ¢'&W6öÇfVB#¢&‡GG3¢ò÷&Vv—7G'’æçÖ§2æ÷&r÷†ÖÂÖæÖ–æròÒ÷†ÖÂÖæÖ–ærÓããçFw¢"ÀÐ¢&–çFVw&—G’#¢'6†S"Ö³„´ó–‡$×”æ³gEUwVfµDU¦&W¥%'ôåd÷¥UFæ3“ufä7g–£eFc–Ç•U#”TD–V•dÇcSf§4Ö6õ„Wv¥s„·cW•“S&ÇsÓÒ"ÀÐ¢&gVæF–ær#¢°Ð¢°Ð¢'G—R#¢&v—F‡V""ÀÐ¢'W&Â#¢&‡GG3¢òöv—F‡V"æ6öÒ÷7öç6÷'2ôæGW&Ä–çFVÆÆ–vVæ6R Ð¢ÐÐ¢ÒÀÐ¢&Æ–6Vç6R#¢$Ô•B"ÀÐ¢&Væv–æW2#¢°Ð¢&æöFR#¢#ãÓbãã Ð¢ÐÐ¢ÒÀÐ¢&æöFUöÖöGVÆW2÷‡FVæB#¢°Ð¢'fW'6–öâ#¢#Bãã""ÀÐ¢'&W6öÇfVB#¢&‡GG3¢ò÷&Vv—7G'’æçÖ§2æ÷&r÷‡FVæBòÒ÷‡FVæBÓBãã"çFw¢"ÀÐ¢&–çFVw&—G’#¢'6†S"ÔÄµ•S”„¥…Vt†ã•U&¦—R´Õv‡•U„‡7fgvÖ7U–Ó–E5T´³ô6§G%Wtd„Cƒ"öÔ5v'DÇ4v¤d–Ct—6öCG§%DUÓÒ"ÀÐ¢&Æ–6Vç6R#¢$Ô•B"ÀÐ¢&Væv–æW2#¢°Ð¢&æöFR#¢#ãÓãB Ð¢ÐÐ¢ÒÀÐ¢&æöFUöÖöGVÆW2÷¢×66†VÖ#¢°Ð¢'fW'6–öâ#¢#RããR"ÀÐ¢'&W6öÇfVB#¢&‡GG3¢ò÷&Vv—7G'’æçÖ§2æ÷&r÷¢×66†VÖòÒ÷¢×66†VÖÓRããRçFw¢"ÀÐ¢&–çFVw&—G’#¢'6†S"ÔCvWV¤%v´Æ7'4—¤C#vW2¶vÓddå¤ÆÄ4T·ô–£&³ÔÆ“”'#%U†÷†E——7FÓT³–T$w§V#fÅ•TUv£%ÓÒ"ÀÐ¢&Æ–6Vç6R#¢$Ô•B"ÀÐ¢&FWVæFVæ6–W2#¢°Ð¢&ÆöF6‚ævWB#¢%ãBãBã""ÀÐ¢&ÆöF6‚æ—6WVÂ#¢%ãBãRã"ÀÐ¢'fÆ–FF÷"#¢%ã2ãrã Ð¢ÒÀÐ¢&&–â#¢°Ð¢'¢×66†VÖ#¢&&–â÷¢×66†VÖ Ð¢ÒÀÐ¢&Væv–æW2#¢°Ð¢&æöFR#¢#ãÓ‚ãã Ð¢ÒÀÐ¢&÷F–öæÄFWVæFVæ6–W2#¢°Ð¢&6öÖÖæFW"#¢%ã’ãBã Ð¢ÐÐ¢ÒÀÐ¢&æöFUöÖöGVÆW2÷¢×66†VÖöæöFUöÖöGVÆW2ö6öÖÖæFW"#¢°Ð¢'fW'6–öâ#¢#’ãRã"ÀÐ¢'&W6öÇfVB#¢&‡GG3¢ò÷&Vv—7G'’æçÖ§2æ÷&rö6öÖÖæFW"òÒö6öÖÖæFW"Ó’ãRãçFw¢"ÀÐ¢&–çFVw&—G’#¢'6†S"Ôµ'3uudD¶sƒev—T„G$åE…¤·&f463gdfDÃG%¢ôF5wwU&óufö••†Å„óu3Tt·–•dWt6&tdFg„ä„´¤%ÓÒ"ÀÐ¢&Æ–6Vç6R#¢$Ô•B"ÀÐ¢&÷F–öæÂ#¢G'VRÀÐ¢&Væv–æW2#¢°Ð¢&æöFR#¢%ã"ã#ãÇÂãÓB Ð¢ÐÐ¢ÒÀÐ¢&æöFUöÖöGVÆW2÷¦öB#¢°Ð¢'fW'6–öâ#¢#2ã#Rãsb"ÀÐ¢'&W6öÇfVB#¢&‡GG3¢ò÷&Vv—7G'’æçÖ§2æ÷&r÷¦öBòÒ÷¦öBÓ2ã#RãsbçFw¢"ÀÐ¢&–çFVw&—G’#¢'6†S"Öw¥WB÷Cƒå‡4dt´”f435–ædTƒTæ·Vä6fäFÇgT%54e3&&5‡SDÆÖVd•Wv$Åw…uƒ6C—…3UöV¤¶4å†5ÓÒ"ÀÐ¢&Æ–6Vç6R#¢$Ô•B"ÀÐ¢&gVæF–ær#¢°Ð¢'W&Â#¢&‡GG3¢òöv—F‡V"æ6öÒ÷7öç6÷'2ö6öÆ–æ†6·2 Ð¢ÐÐ¢ÐÐ¢ÐÐ§ÐÐ